
Microsoft Visual Studio Solution File, Format Version 12.00
# Visual Studio Version 16
VisualStudioVersion = 16.0.30626.31
MinimumVisualStudioVersion = 10.0.40219.1
Project("{9A19103F-16F7-4668-BE54-9A1E7A4F7556}") = "SocialNetworkBlazor.Server", "SocialNetworkBlazor\Server\SocialNetworkBlazor.Server.csproj", "{36D80649-F75F-4055-87D1-0272EC8B7CE7}"
EndProject
Project("{9A19103F-16F7-4668-BE54-9A1E7A4F7556}") = "SocialNetworkBlazor.Client", "SocialNetworkBlazor\Client\SocialNetworkBlazor.Client.csproj", "{2BC68EB8-859B-40DB-8F90-971473C39822}"
EndProject
Project("{9A19103F-16F7-4668-BE54-9A1E7A4F7556}") = "SocialNetworkBlazor.Shared", "SocialNetworkBlazor\Shared\SocialNetworkBlazor.Shared.csproj", "{370D012D-A91F-4B7D-91C1-476790D19CC0}"
EndProject
Global
	GlobalSection(SolutionConfigurationPlatforms) = preSolution
		Debug|Any CPU = Debug|Any CPU
		Release|Any CPU = Release|Any CPU
	EndGlobalSection
	GlobalSection(ProjectConfigurationPlatforms) = postSolution
		{36D80649-F75F-4055-87D1-0272EC8B7CE7}.Debug|Any CPU.ActiveCfg = Debug|Any CPU
		{36D80649-F75F-4055-87D1-0272EC8B7CE7}.Debug|Any CPU.Build.0 = Debug|Any CPU
		{36D80649-F75F-4055-87D1-0272EC8B7CE7}.Release|Any CPU.ActiveCfg = Release|Any CPU
		{36D80649-F75F-4055-87D1-0272EC8B7CE7}.Release|Any CPU.Build.0 = Release|Any CPU
		{2BC68EB8-859B-40DB-8F90-971473C39822}.Debug|Any CPU.ActiveCfg = Debug|Any CPU
		{2BC68EB8-859B-40DB-8F90-971473C39822}.Debug|Any CPU.Build.0 = Debug|Any CPU
		{2BC68EB8-859B-40DB-8F90-971473C39822}.Release|Any CPU.ActiveCfg = Release|Any CPU
		{2BC68EB8-859B-40DB-8F90-971473C39822}.Release|Any CPU.Build.0 = Release|Any CPU
		{370D012D-A91F-4B7D-91C1-476790D19CC0}.Debug|Any CPU.ActiveCfg = Debug|Any CPU
		{370D012D-A91F-4B7D-91C1-476790D19CC0}.Debug|Any CPU.Build.0 = Debug|Any CPU
		{370D012D-A91F-4B7D-91C1-476790D19CC0}.Release|Any CPU.ActiveCfg = Release|Any CPU
		{370D012D-A91F-4B7D-91C1-476790D19CC0}.Release|Any CPU.Build.0 = Release|Any CPU
	EndGlobalSection
	GlobalSection(SolutionProperties) = preSolution
		HideSolutionNode = FALSE
	EndGlobalSection
	GlobalSection(ExtensibilityGlobals) = postSolution
		SolutionGuid = {BDB31257-2AB8-4DE6-ABA6-C4AD49A586EB}
	EndGlobalSection
EndGlobal
